PODS:
  - CocoaLumberjack (2.2.0):
    - CocoaLumberjack/Default (= 2.2.0)
    - CocoaLumberjack/Extensions (= 2.2.0)
  - CocoaLumberjack/Core (2.2.0)
  - CocoaLumberjack/Default (2.2.0):
    - CocoaLumberjack/Core
  - CocoaLumberjack/Extensions (2.2.0):
    - CocoaLumberjack/Default
  - NBULog (1.2.4):
    - CocoaLumberjack (>= 2.0.0)
  - NBULogStub (0.1.2)
  - NNPanGestureDismissableViewControllerEngine (0.1.0):
    - NBULogStub

DEPENDENCIES:
  - NBULog
  - NNPanGestureDismissableViewControllerEngine (from `../`)

EXTERNAL SOURCES:
  NNPanGestureDismissableViewControllerEngine:
    :path: ../

SPEC CHECKSUMS:
  CocoaLumberjack: 17fe8581f84914d5d7e6360f7c70022b173c3ae0
  NBULog: 4003be6706b97a7e376ab4171c666ac7c2fbc2b2
  NBULogStub: 398fa3535e3b368d6f1cb3b32c2ac0cb81cf350c
  NNPanGestureDismissableViewControllerEngine: 066c305f6df164f37414156723ce5abe2387e0a1

COCOAPODS: 0.38.2
